
Microsoft Visual Studio Solution File, Format Version 12.00
# Visual Studio 15
VisualStudioVersion = 15.0.27428.2037
MinimumVisualStudioVersion = 10.0.40219.1
Project("{2150E333-8FDC-42A3-9474-1A3956D46DE8}") = "1.Gün", "1.Gün", "{0712FBD9-0693-4DA9-BBB1-8BE30BBC376B}"
EndProject
Project("{FAE04EC0-301F-11D3-BF4B-00C04F79EFBC}") = "Degiskenler", "Degiskenler\Degiskenler.csproj", "{00D20EFE-A2FB-4342-A3B4-5A43A29E09D8}"
EndProject
Project("{FAE04EC0-301F-11D3-BF4B-00C04F79EFBC}") = "KararYapilariVeDonguler", "KararYapilariVeDonguler\KararYapilariVeDonguler.csproj", "{B8403CAE-7D91-47BE-B802-2EADDF9848C9}"
EndProject
Project("{2150E333-8FDC-42A3-9474-1A3956D46DE8}") = "4.Gün", "4.Gün", "{089B8B67-2D82-4DBA-AC8C-A0605A3AC5D6}"
EndProject
Project("{FAE04EC0-301F-11D3-BF4B-00C04F79EFBC}") = "AdamAsmaca", "AdamAsmaca\AdamAsmaca.csproj", "{87269ABD-E9A4-4A77-9308-E24BF6E5CAAB}"
EndProject
Project("{FAE04EC0-301F-11D3-BF4B-00C04F79EFBC}") = "AdamAsmacaOyunu_MesutHoca", "AdamAsmacaOyunu_MesutHoca\AdamAsmacaOyunu_MesutHoca.csproj", "{A2B5AEBA-AECA-4218-ADA8-18698ECDCD38}"
EndProject
Project("{FAE04EC0-301F-11D3-BF4B-00C04F79EFBC}") = "RefOut", "RefOut\RefOut.csproj", "{6BB63972-A9F0-45AA-9C95-92206F8F540F}"
EndProject
Project("{FAE04EC0-301F-11D3-BF4B-00C04F79EFBC}") = "OopPart1", "OopPart1\OopPart1.csproj", "{B0F6202B-FCE1-4974-919A-9CCF1A7F6C32}"
EndProject
Project("{FAE04EC0-301F-11D3-BF4B-00C04F79EFBC}") = "HesapMakinesi", "FormGiris\HesapMakinesi.csproj", "{64EC89DD-8833-4418-8863-CEC6BC9C77E9}"
EndProject
Project("{2150E333-8FDC-42A3-9474-1A3956D46DE8}") = "5.Gün", "5.Gün", "{D7868C2F-DEF6-4BA0-A627-EB4A826DFB98}"
EndProject
Project("{FAE04EC0-301F-11D3-BF4B-00C04F79EFBC}") = "MathStringDateTime", "MathStringDateTime\MathStringDateTime.csproj", "{AD34B56C-1B15-4497-828D-1DCD4FBF1497}"
EndProject
Project("{FAE04EC0-301F-11D3-BF4B-00C04F79EFBC}") = "Kaydet", "Kaydet\Kaydet.csproj", "{7F9ACADC-4332-4686-B33F-E52C717F1FE7}"
EndProject
Project("{FAE04EC0-301F-11D3-BF4B-00C04F79EFBC}") = "FormControls", "FormControls\FormControls.csproj", "{556AEB38-A161-450D-A8A0-6D900AE92E4E}"
EndProject
Project("{2150E333-8FDC-42A3-9474-1A3956D46DE8}") = "6.Gün", "6.Gün", "{4AB59308-A592-4A90-BCB9-96DC56AE345C}"
EndProject
Project("{FAE04EC0-301F-11D3-BF4B-00C04F79EFBC}") = "FormControls", "..\..\..\Desktop\FormControls\FormControls.csproj", "{A7A1BE47-21C3-48A4-8E08-8ECD87BADDC0}"
EndProject
Project("{FAE04EC0-301F-11D3-BF4B-00C04F79EFBC}") = "Kronometre", "Kronometre\Kronometre.csproj", "{BC1C646B-E457-48DF-8936-BD973A5DDA73}"
EndProject
Project("{2150E333-8FDC-42A3-9474-1A3956D46DE8}") = "7.Gün", "7.Gün", "{22FF8050-578C-4B02-A2AD-E2921355860E}"
EndProject
Project("{FAE04EC0-301F-11D3-BF4B-00C04F79EFBC}") = "Kalitim", "..\..\..\Desktop\WM6_Intro\Kalitim\Kalitim.csproj", "{2EDF2E7F-1486-482E-96CB-354FDC62AFB6}"
EndProject
Project("{FAE04EC0-301F-11D3-BF4B-00C04F79EFBC}") = "KisiEnvanteri", "..\..\..\Desktop\WM6_Intro\KisiEnvanteri\KisiEnvanteri.csproj", "{2965B24C-C5C8-4CBB-88D7-8E816B1522DD}"
EndProject
Project("{2150E333-8FDC-42A3-9474-1A3956D46DE8}") = "Overriding", "Overriding", "{DE899F71-F64E-45A3-A8DF-0165E5020258}"
EndProject
Project("{FAE04EC0-301F-11D3-BF4B-00C04F79EFBC}") = "Geometri.Lib", "Geometri.Lib\Geometri.Lib.csproj", "{0E24548D-7B52-4ED1-B1FD-38AFFD8CBCDA}"
EndProject
Project("{FAE04EC0-301F-11D3-BF4B-00C04F79EFBC}") = "Geometri.App", "Geometri.App\Geometri.App.csproj", "{B02A7365-1E4F-4BC8-9392-66D75C89B1DD}"
EndProject
Project("{2150E333-8FDC-42A3-9474-1A3956D46DE8}") = "Soyutlastirma", "Soyutlastirma", "{AD9C1B11-95D6-48C7-92A8-D994EA4FDCBE}"
EndProject
Project("{FAE04EC0-301F-11D3-BF4B-00C04F79EFBC}") = "Soyut.App", "Soyut.App\Soyut.App.csproj", "{F713C389-4EA4-4F8B-872A-DAA62D4BE051}"
EndProject
Project("{FAE04EC0-301F-11D3-BF4B-00C04F79EFBC}") = "Soyut.Lib", "Soyut.Lib\Soyut.Lib.csproj", "{7EFAF5A2-EFAA-4A95-92CC-7C8D13E18B5E}"
EndProject
Project("{FAE04EC0-301F-11D3-BF4B-00C04F79EFBC}") = "InterfaceOrnek", "InterfaceOrnek\InterfaceOrnek.csproj", "{42179721-4546-4577-93C1-15CB8C3AE97E}"
EndProject
Project("{2150E333-8FDC-42A3-9474-1A3956D46DE8}") = "8.Gün", "8.Gün", "{B238771B-E3A6-4755-A5F9-F732833165DF}"
EndProject
Project("{2150E333-8FDC-42A3-9474-1A3956D46DE8}") = "Interface Segragation", "Interface Segragation", "{6E9081B7-8D5A-4A36-8D0A-F40A12264315}"
EndProject
Project("{FAE04EC0-301F-11D3-BF4B-00C04F79EFBC}") = "Cs.App", "Cs.App\Cs.App.csproj", "{8AF09C45-3974-4FD1-8210-8047C97D18AC}"
EndProject
Project("{FAE04EC0-301F-11D3-BF4B-00C04F79EFBC}") = "Cs.Lib", "Cs.Lib\Cs.Lib.csproj", "{5ADC5A51-E7E5-46A3-9B06-4FC1281CCD9A}"
EndProject
Project("{2150E333-8FDC-42A3-9474-1A3956D46DE8}") = "CounterStrike", "CounterStrike", "{63BFF92A-9CC0-419A-B81F-DF1AFAE2DCCC}"
EndProject
Project("{2150E333-8FDC-42A3-9474-1A3956D46DE8}") = "9.Gün", "9.Gün", "{3370EAB6-E53A-4112-96BB-CF81A908CDA1}"
EndProject
Project("{FAE04EC0-301F-11D3-BF4B-00C04F79EFBC}") = "BinarySeralition", "BinarySeralition\BinarySeralition.csproj", "{B8FE229E-860A-498D-B08B-325C442FDD08}"
EndProject
Project("{2150E333-8FDC-42A3-9474-1A3956D46DE8}") = "10.Gün", "10.Gün", "{9A253092-1F22-4EC0-9EEC-DF43CB3503B3}"
EndProject
Project("{FAE04EC0-301F-11D3-BF4B-00C04F79EFBC}") = "KisiEnvanteri", "..\..\..\Desktop\KisiEnvanteri\KisiEnvanteri.csproj", "{D562FD4D-E5A0-4DD6-9EB9-7EDEADFCB575}"
EndProject
Project("{FAE04EC0-301F-11D3-BF4B-00C04F79EFBC}") = "UcaksavarOyunu", "..\..\..\Desktop\WM6_Intro\UcaksavarOyunu\UcaksavarOyunu.csproj", "{F1DE3A63-EF24-4968-8E92-95C69891FE8E}"
EndProject
Project("{2150E333-8FDC-42A3-9474-1A3956D46DE8}") = "11.Gün", "11.Gün", "{3048315A-6C29-4808-87E8-37D9916A2959}"
EndProject
Project("{FAE04EC0-301F-11D3-BF4B-00C04F79EFBC}") = "KisiEnvanteriV2", "..\..\..\Desktop\WM6_Intro\KisiEnvanteriV2\KisiEnvanteriV2.csproj", "{83DF1D6C-40F9-4244-96D3-D5E2CC186073}"
EndProject
Project("{FAE04EC0-301F-11D3-BF4B-00C04F79EFBC}") = "XmlJsonServislerineBaglanma", "XmlJsonServislerineBaglanma\XmlJsonServislerineBaglanma.csproj", "{2431BAE5-4C28-41DF-A4B9-06225F083E29}"
EndProject
Global
	GlobalSection(SolutionConfigurationPlatforms) = preSolution
		Debug|Any CPU = Debug|Any CPU
		Release|Any CPU = Release|Any CPU
	EndGlobalSection
	GlobalSection(ProjectConfigurationPlatforms) = postSolution
		{00D20EFE-A2FB-4342-A3B4-5A43A29E09D8}.Debug|Any CPU.ActiveCfg = Debug|Any CPU
		{00D20EFE-A2FB-4342-A3B4-5A43A29E09D8}.Debug|Any CPU.Build.0 = Debug|Any CPU
		{00D20EFE-A2FB-4342-A3B4-5A43A29E09D8}.Release|Any CPU.ActiveCfg = Release|Any CPU
		{00D20EFE-A2FB-4342-A3B4-5A43A29E09D8}.Release|Any CPU.Build.0 = Release|Any CPU
		{B8403CAE-7D91-47BE-B802-2EADDF9848C9}.Debug|Any CPU.ActiveCfg = Debug|Any CPU
		{B8403CAE-7D91-47BE-B802-2EADDF9848C9}.Debug|Any CPU.Build.0 = Debug|Any CPU
		{B8403CAE-7D91-47BE-B802-2EADDF9848C9}.Release|Any CPU.ActiveCfg = Release|Any CPU
		{B8403CAE-7D91-47BE-B802-2EADDF9848C9}.Release|Any CPU.Build.0 = Release|Any CPU
		{87269ABD-E9A4-4A77-9308-E24BF6E5CAAB}.Debug|Any CPU.ActiveCfg = Debug|Any CPU
		{87269ABD-E9A4-4A77-9308-E24BF6E5CAAB}.Debug|Any CPU.Build.0 = Debug|Any CPU
		{87269ABD-E9A4-4A77-9308-E24BF6E5CAAB}.Release|Any CPU.ActiveCfg = Release|Any CPU
		{87269ABD-E9A4-4A77-9308-E24BF6E5CAAB}.Release|Any CPU.Build.0 = Release|Any CPU
		{A2B5AEBA-AECA-4218-ADA8-18698ECDCD38}.Debug|Any CPU.ActiveCfg = Debug|Any CPU
		{A2B5AEBA-AECA-4218-ADA8-18698ECDCD38}.Debug|Any CPU.Build.0 = Debug|Any CPU
		{A2B5AEBA-AECA-4218-ADA8-18698ECDCD38}.Release|Any CPU.ActiveCfg = Release|Any CPU
		{A2B5AEBA-AECA-4218-ADA8-18698ECDCD38}.Release|Any CPU.Build.0 = Release|Any CPU
		{6BB63972-A9F0-45AA-9C95-92206F8F540F}.Debug|Any CPU.ActiveCfg = Debug|Any CPU
		{6BB63972-A9F0-45AA-9C95-92206F8F540F}.Debug|Any CPU.Build.0 = Debug|Any CPU
		{6BB63972-A9F0-45AA-9C95-92206F8F540F}.Release|Any CPU.ActiveCfg = Release|Any CPU
		{6BB63972-A9F0-45AA-9C95-92206F8F540F}.Release|Any CPU.Build.0 = Release|Any CPU
		{B0F6202B-FCE1-4974-919A-9CCF1A7F6C32}.Debug|Any CPU.ActiveCfg = Debug|Any CPU
		{B0F6202B-FCE1-4974-919A-9CCF1A7F6C32}.Debug|Any CPU.Build.0 = Debug|Any CPU
		{B0F6202B-FCE1-4974-919A-9CCF1A7F6C32}.Release|Any CPU.ActiveCfg = Release|Any CPU
		{B0F6202B-FCE1-4974-919A-9CCF1A7F6C32}.Release|Any CPU.Build.0 = Release|Any CPU
		{64EC89DD-8833-4418-8863-CEC6BC9C77E9}.Debug|Any CPU.ActiveCfg = Debug|Any CPU
		{64EC89DD-8833-4418-8863-CEC6BC9C77E9}.Debug|Any CPU.Build.0 = Debug|Any CPU
		{64EC89DD-8833-4418-8863-CEC6BC9C77E9}.Release|Any CPU.ActiveCfg = Release|Any CPU
		{64EC89DD-8833-4418-8863-CEC6BC9C77E9}.Release|Any CPU.Build.0 = Release|Any CPU
		{AD34B56C-1B15-4497-828D-1DCD4FBF1497}.Debug|Any CPU.ActiveCfg = Debug|Any CPU
		{AD34B56C-1B15-4497-828D-1DCD4FBF1497}.Debug|Any CPU.Build.0 = Debug|Any CPU
		{AD34B56C-1B15-4497-828D-1DCD4FBF1497}.Release|Any CPU.ActiveCfg = Release|Any CPU
		{AD34B56C-1B15-4497-828D-1DCD4FBF1497}.Release|Any CPU.Build.0 = Release|Any CPU
		{7F9ACADC-4332-4686-B33F-E52C717F1FE7}.Debug|Any CPU.ActiveCfg = Debug|Any CPU
		{7F9ACADC-4332-4686-B33F-E52C717F1FE7}.Debug|Any CPU.Build.0 = Debug|Any CPU
		{7F9ACADC-4332-4686-B33F-E52C717F1FE7}.Release|Any CPU.ActiveCfg = Release|Any CPU
		{7F9ACADC-4332-4686-B33F-E52C717F1FE7}.Release|Any CPU.Build.0 = Release|Any CPU
		{556AEB38-A161-450D-A8A0-6D900AE92E4E}.Debug|Any CPU.ActiveCfg = Debug|Any CPU
		{556AEB38-A161-450D-A8A0-6D900AE92E4E}.Debug|Any CPU.Build.0 = Debug|Any CPU
		{556AEB38-A161-450D-A8A0-6D900AE92E4E}.Release|Any CPU.ActiveCfg = Release|Any CPU
		{556AEB38-A161-450D-A8A0-6D900AE92E4E}.Release|Any CPU.Build.0 = Release|Any CPU
		{A7A1BE47-21C3-48A4-8E08-8ECD87BADDC0}.Debug|Any CPU.ActiveCfg = Debug|Any CPU
		{A7A1BE47-21C3-48A4-8E08-8ECD87BADDC0}.Debug|Any CPU.Build.0 = Debug|Any CPU
		{A7A1BE47-21C3-48A4-8E08-8ECD87BADDC0}.Release|Any CPU.ActiveCfg = Release|Any CPU
		{A7A1BE47-21C3-48A4-8E08-8ECD87BADDC0}.Release|Any CPU.Build.0 = Release|Any CPU
		{BC1C646B-E457-48DF-8936-BD973A5DDA73}.Debug|Any CPU.ActiveCfg = Debug|Any CPU
		{BC1C646B-E457-48DF-8936-BD973A5DDA73}.Debug|Any CPU.Build.0 = Debug|Any CPU
		{BC1C646B-E457-48DF-8936-BD973A5DDA73}.Release|Any CPU.ActiveCfg = Release|Any CPU
		{BC1C646B-E457-48DF-8936-BD973A5DDA73}.Release|Any CPU.Build.0 = Release|Any CPU
		{2EDF2E7F-1486-482E-96CB-354FDC62AFB6}.Debug|Any CPU.ActiveCfg = Debug|Any CPU
		{2EDF2E7F-1486-482E-96CB-354FDC62AFB6}.Debug|Any CPU.Build.0 = Debug|Any CPU
		{2EDF2E7F-1486-482E-96CB-354FDC62AFB6}.Release|Any CPU.ActiveCfg = Release|Any CPU
		{2EDF2E7F-1486-482E-96CB-354FDC62AFB6}.Release|Any CPU.Build.0 = Release|Any CPU
		{2965B24C-C5C8-4CBB-88D7-8E816B1522DD}.Debug|Any CPU.ActiveCfg = Debug|Any CPU
		{2965B24C-C5C8-4CBB-88D7-8E816B1522DD}.Debug|Any CPU.Build.0 = Debug|Any CPU
		{2965B24C-C5C8-4CBB-88D7-8E816B1522DD}.Release|Any CPU.ActiveCfg = Release|Any CPU
		{2965B24C-C5C8-4CBB-88D7-8E816B1522DD}.Release|Any CPU.Build.0 = Release|Any CPU
		{0E24548D-7B52-4ED1-B1FD-38AFFD8CBCDA}.Debug|Any CPU.ActiveCfg = Debug|Any CPU
		{0E24548D-7B52-4ED1-B1FD-38AFFD8CBCDA}.Debug|Any CPU.Build.0 = Debug|Any CPU
		{0E24548D-7B52-4ED1-B1FD-38AFFD8CBCDA}.Release|Any CPU.ActiveCfg = Release|Any CPU
		{0E24548D-7B52-4ED1-B1FD-38AFFD8CBCDA}.Release|Any CPU.Build.0 = Release|Any CPU
		{B02A7365-1E4F-4BC8-9392-66D75C89B1DD}.Debug|Any CPU.ActiveCfg = Debug|Any CPU
		{B02A7365-1E4F-4BC8-9392-66D75C89B1DD}.Debug|Any CPU.Build.0 = Debug|Any CPU
		{B02A7365-1E4F-4BC8-9392-66D75C89B1DD}.Release|Any CPU.ActiveCfg = Release|Any CPU
		{B02A7365-1E4F-4BC8-9392-66D75C89B1DD}.Release|Any CPU.Build.0 = Release|Any CPU
		{F713C389-4EA4-4F8B-872A-DAA62D4BE051}.Debug|Any CPU.ActiveCfg = Debug|Any CPU
		{F713C389-4EA4-4F8B-872A-DAA62D4BE051}.Debug|Any CPU.Build.0 = Debug|Any CPU
		{F713C389-4EA4-4F8B-872A-DAA62D4BE051}.Release|Any CPU.ActiveCfg = Release|Any CPU
		{F713C389-4EA4-4F8B-872A-DAA62D4BE051}.Release|Any CPU.Build.0 = Release|Any CPU
		{7EFAF5A2-EFAA-4A95-92CC-7C8D13E18B5E}.Debug|Any CPU.ActiveCfg = Debug|Any CPU
		{7EFAF5A2-EFAA-4A95-92CC-7C8D13E18B5E}.Debug|Any CPU.Build.0 = Debug|Any CPU
		{7EFAF5A2-EFAA-4A95-92CC-7C8D13E18B5E}.Release|Any CPU.ActiveCfg = Release|Any CPU
		{7EFAF5A2-EFAA-4A95-92CC-7C8D13E18B5E}.Release|Any CPU.Build.0 = Release|Any CPU
		{42179721-4546-4577-93C1-15CB8C3AE97E}.Debug|Any CPU.ActiveCfg = Debug|Any CPU
		{42179721-4546-4577-93C1-15CB8C3AE97E}.Debug|Any CPU.Build.0 = Debug|Any CPU
		{42179721-4546-4577-93C1-15CB8C3AE97E}.Release|Any CPU.ActiveCfg = Release|Any CPU
		{42179721-4546-4577-93C1-15CB8C3AE97E}.Release|Any CPU.Build.0 = Release|Any CPU
		{8AF09C45-3974-4FD1-8210-8047C97D18AC}.Debug|Any CPU.ActiveCfg = Debug|Any CPU
		{8AF09C45-3974-4FD1-8210-8047C97D18AC}.Debug|Any CPU.Build.0 = Debug|Any CPU
		{8AF09C45-3974-4FD1-8210-8047C97D18AC}.Release|Any CPU.ActiveCfg = Release|Any CPU
		{8AF09C45-3974-4FD1-8210-8047C97D18AC}.Release|Any CPU.Build.0 = Release|Any CPU
		{5ADC5A51-E7E5-46A3-9B06-4FC1281CCD9A}.Debug|Any CPU.ActiveCfg = Debug|Any CPU
		{5ADC5A51-E7E5-46A3-9B06-4FC1281CCD9A}.Debug|Any CPU.Build.0 = Debug|Any CPU
		{5ADC5A51-E7E5-46A3-9B06-4FC1281CCD9A}.Release|Any CPU.ActiveCfg = Release|Any CPU
		{5ADC5A51-E7E5-46A3-9B06-4FC1281CCD9A}.Release|Any CPU.Build.0 = Release|Any CPU
		{B8FE229E-860A-498D-B08B-325C442FDD08}.Debug|Any CPU.ActiveCfg = Debug|Any CPU
		{B8FE229E-860A-498D-B08B-325C442FDD08}.Debug|Any CPU.Build.0 = Debug|Any CPU
		{B8FE229E-860A-498D-B08B-325C442FDD08}.Release|Any CPU.ActiveCfg = Release|Any CPU
		{B8FE229E-860A-498D-B08B-325C442FDD08}.Release|Any CPU.Build.0 = Release|Any CPU
		{D562FD4D-E5A0-4DD6-9EB9-7EDEADFCB575}.Debug|Any CPU.ActiveCfg = Debug|Any CPU
		{D562FD4D-E5A0-4DD6-9EB9-7EDEADFCB575}.Debug|Any CPU.Build.0 = Debug|Any CPU
		{D562FD4D-E5A0-4DD6-9EB9-7EDEADFCB575}.Release|Any CPU.ActiveCfg = Release|Any CPU
		{D562FD4D-E5A0-4DD6-9EB9-7EDEADFCB575}.Release|Any CPU.Build.0 = Release|Any CPU
		{F1DE3A63-EF24-4968-8E92-95C69891FE8E}.Debug|Any CPU.ActiveCfg = Debug|Any CPU
		{F1DE3A63-EF24-4968-8E92-95C69891FE8E}.Debug|Any CPU.Build.0 = Debug|Any CPU
		{F1DE3A63-EF24-4968-8E92-95C69891FE8E}.Release|Any CPU.ActiveCfg = Release|Any CPU
		{F1DE3A63-EF24-4968-8E92-95C69891FE8E}.Release|Any CPU.Build.0 = Release|Any CPU
		{83DF1D6C-40F9-4244-96D3-D5E2CC186073}.Debug|Any CPU.ActiveCfg = Debug|Any CPU
		{83DF1D6C-40F9-4244-96D3-D5E2CC186073}.Debug|Any CPU.Build.0 = Debug|Any CPU
		{83DF1D6C-40F9-4244-96D3-D5E2CC186073}.Release|Any CPU.ActiveCfg = Release|Any CPU
		{83DF1D6C-40F9-4244-96D3-D5E2CC186073}.Release|Any CPU.Build.0 = Release|Any CPU
		{2431BAE5-4C28-41DF-A4B9-06225F083E29}.Debug|Any CPU.ActiveCfg = Debug|Any CPU
		{2431BAE5-4C28-41DF-A4B9-06225F083E29}.Debug|Any CPU.Build.0 = Debug|Any CPU
		{2431BAE5-4C28-41DF-A4B9-06225F083E29}.Release|Any CPU.ActiveCfg = Release|Any CPU
		{2431BAE5-4C28-41DF-A4B9-06225F083E29}.Release|Any CPU.Build.0 = Release|Any CPU
	EndGlobalSection
	GlobalSection(SolutionProperties) = preSolution
		HideSolutionNode = FALSE
	EndGlobalSection
	GlobalSection(NestedProjects) = preSolution
		{00D20EFE-A2FB-4342-A3B4-5A43A29E09D8} = {0712FBD9-0693-4DA9-BBB1-8BE30BBC376B}
		{B8403CAE-7D91-47BE-B802-2EADDF9848C9} = {0712FBD9-0693-4DA9-BBB1-8BE30BBC376B}
		{87269ABD-E9A4-4A77-9308-E24BF6E5CAAB} = {089B8B67-2D82-4DBA-AC8C-A0605A3AC5D6}
		{A2B5AEBA-AECA-4218-ADA8-18698ECDCD38} = {089B8B67-2D82-4DBA-AC8C-A0605A3AC5D6}
		{6BB63972-A9F0-45AA-9C95-92206F8F540F} = {089B8B67-2D82-4DBA-AC8C-A0605A3AC5D6}
		{B0F6202B-FCE1-4974-919A-9CCF1A7F6C32} = {089B8B67-2D82-4DBA-AC8C-A0605A3AC5D6}
		{64EC89DD-8833-4418-8863-CEC6BC9C77E9} = {D7868C2F-DEF6-4BA0-A627-EB4A826DFB98}
		{AD34B56C-1B15-4497-828D-1DCD4FBF1497} = {D7868C2F-DEF6-4BA0-A627-EB4A826DFB98}
		{7F9ACADC-4332-4686-B33F-E52C717F1FE7} = {D7868C2F-DEF6-4BA0-A627-EB4A826DFB98}
		{556AEB38-A161-450D-A8A0-6D900AE92E4E} = {D7868C2F-DEF6-4BA0-A627-EB4A826DFB98}
		{A7A1BE47-21C3-48A4-8E08-8ECD87BADDC0} = {4AB59308-A592-4A90-BCB9-96DC56AE345C}
		{BC1C646B-E457-48DF-8936-BD973A5DDA73} = {4AB59308-A592-4A90-BCB9-96DC56AE345C}
		{2EDF2E7F-1486-482E-96CB-354FDC62AFB6} = {22FF8050-578C-4B02-A2AD-E2921355860E}
		{2965B24C-C5C8-4CBB-88D7-8E816B1522DD} = {22FF8050-578C-4B02-A2AD-E2921355860E}
		{DE899F71-F64E-45A3-A8DF-0165E5020258} = {22FF8050-578C-4B02-A2AD-E2921355860E}
		{0E24548D-7B52-4ED1-B1FD-38AFFD8CBCDA} = {DE899F71-F64E-45A3-A8DF-0165E5020258}
		{B02A7365-1E4F-4BC8-9392-66D75C89B1DD} = {DE899F71-F64E-45A3-A8DF-0165E5020258}
		{AD9C1B11-95D6-48C7-92A8-D994EA4FDCBE} = {22FF8050-578C-4B02-A2AD-E2921355860E}
		{F713C389-4EA4-4F8B-872A-DAA62D4BE051} = {AD9C1B11-95D6-48C7-92A8-D994EA4FDCBE}
		{7EFAF5A2-EFAA-4A95-92CC-7C8D13E18B5E} = {AD9C1B11-95D6-48C7-92A8-D994EA4FDCBE}
		{42179721-4546-4577-93C1-15CB8C3AE97E} = {22FF8050-578C-4B02-A2AD-E2921355860E}
		{6E9081B7-8D5A-4A36-8D0A-F40A12264315} = {B238771B-E3A6-4755-A5F9-F732833165DF}
		{8AF09C45-3974-4FD1-8210-8047C97D18AC} = {63BFF92A-9CC0-419A-B81F-DF1AFAE2DCCC}
		{5ADC5A51-E7E5-46A3-9B06-4FC1281CCD9A} = {63BFF92A-9CC0-419A-B81F-DF1AFAE2DCCC}
		{63BFF92A-9CC0-419A-B81F-DF1AFAE2DCCC} = {6E9081B7-8D5A-4A36-8D0A-F40A12264315}
		{B8FE229E-860A-498D-B08B-325C442FDD08} = {3370EAB6-E53A-4112-96BB-CF81A908CDA1}
		{D562FD4D-E5A0-4DD6-9EB9-7EDEADFCB575} = {3370EAB6-E53A-4112-96BB-CF81A908CDA1}
		{F1DE3A63-EF24-4968-8E92-95C69891FE8E} = {9A253092-1F22-4EC0-9EEC-DF43CB3503B3}
		{83DF1D6C-40F9-4244-96D3-D5E2CC186073} = {3048315A-6C29-4808-87E8-37D9916A2959}
	EndGlobalSection
	GlobalSection(ExtensibilityGlobals) = postSolution
		SolutionGuid = {B9888D0D-462F-4406-9BEC-66B64718E71A}
	EndGlobalSection
EndGlobal
